{
  "version": 4,
  "terraform_version": "1.4.2",
  "serial": 6,
  "lineage": "39cf0251-702e-6bd9-eb9b-96963d7c9105",
  "outputs": {
    "registry_hostname": {
      "value": "micronode.azurecr.io",
      "type": "string"
    },
    "registry_pw": {
      "value": "7rSnp+PiXp5GW04VPRTSkg0U4+Nd+VUOE/dr2tBjRj+ACRDUipIB",
      "type": "string",
      "sensitive": true
    },
    "registry_un": {
      "value": "micronode",
      "type": "string"
    }
  },
  "resources": [
    {
      "mode": "managed",
      "type": "azurerm_container_registry",
      "name": "container_registry",
      "provider": "provider[\"registry.terraform.io/hashicorp/azurerm\"]",
      "instances": [
        {
          "schema_version": 2,
          "attributes": {
            "admin_enabled": true,
            "admin_password": "7rSnp+PiXp5GW04VPRTSkg0U4+Nd+VUOE/dr2tBjRj+ACRDUipIB",
            "admin_username": "micronode",
            "anonymous_pull_enabled": false,
            "data_endpoint_enabled": false,
            "encryption": [
              {
                "enabled": false,
                "identity_client_id": "",
                "key_vault_key_id": ""
              }
            ],
            "export_policy_enabled": true,
            "georeplications": [],
            "id": "/subscriptions/ba74c97c-56d0-4ac3-abb2-dce288d0dacc/resourceGroups/micronode/providers/Microsoft.ContainerRegistry/registries/micronode",
            "identity": [],
            "location": "westus",
            "login_server": "micronode.azurecr.io",
            "name": "micronode",
            "network_rule_bypass_option": "AzureServices",
            "network_rule_set": [],
            "public_network_access_enabled": true,
            "quarantine_policy_enabled": false,
            "resource_group_name": "micronode",
            "retention_policy": [
              {
                "days": 7,
                "enabled": false
              }
            ],
            "sku": "Basic",
            "tags": null,
            "timeouts": null,
            "trust_policy": [
              {
                "enabled": false
              }
            ],
            "zone_redundancy_enabled": false
          },
          "sensitive_attributes": [],
          "private": "eyJlMmJmYjczMC1lY2FhLTExZTYtOGY4OC0zNDM2M2JjN2M0YzAiOnsiY3JlYXRlIjoxODAwMDAwMDAwMDAwLCJkZWxldGUiOjE4MDAwMDAwMDAwMDAsInJlYWQiOjMwMDAwMDAwMDAwMCwidXBkYXRlIjoxODAwMDAwMDAwMDAwfSwic2NoZW1hX3ZlcnNpb24iOiIyIn0=",
          "dependencies": [
            "azurerm_resource_group.micronode"
          ]
        }
      ]
    },
    {
      "mode": "managed",
      "type": "azurerm_resource_group",
      "name": "micronode",
      "provider": "provider[\"registry.terraform.io/hashicorp/azurerm\"]",
      "instances": [
        {
          "schema_version": 0,
          "attributes": {
            "id": "/subscriptions/ba74c97c-56d0-4ac3-abb2-dce288d0dacc/resourceGroups/micronode",
            "location": "westus",
            "name": "micronode",
            "tags": null,
            "timeouts": null
          },
          "sensitive_attributes": [],
          "private": "eyJlMmJmYjczMC1lY2FhLTExZTYtOGY4OC0zNDM2M2JjN2M0YzAiOnsiY3JlYXRlIjo1NDAwMDAwMDAwMDAwLCJkZWxldGUiOjU0MDAwMDAwMDAwMDAsInJlYWQiOjMwMDAwMDAwMDAwMCwidXBkYXRlIjo1NDAwMDAwMDAwMDAwfX0="
        }
      ]
    }
  ],
  "check_results": null
}
